<?xml version="1.0" encoding="UTF-8" standalone="yes" ?>
<CodeBlocks_project_file>
	<FileVersion major="1" minor="6" />
	<Project>
		<Option title="Marlin" />
		<Option pch_mode="2" />
		<Option compiler="gcc" />
		<Build>
			<Target title="Simulator - Debug">
				<Option output="build/Marlin_sim.exe" prefix_auto="1" extension_auto="0" />
				<Option object_output="obj/Debug/" />
				<Option type="1" />
				<Option compiler="GCC" />
				<Compiler>
					<Add option="-g" />
					<Add option="-DF_CPU=16000000L" />
					<Add option="-DARDUSIM" />
					<Add option="-D__AVR_ATmega2560__" />
					<Add option="-x c++" />
					<Add directory="$(ARDUINO_DIR)/arduino/cores" />
					<Add directory="$(ARDUINO_DIR)/arduino/variants/standard" />
					<Add directory="$(ARDUINO_DIR)/include" />
				</Compiler>
				<Linker>
					<Add option="-lardusim" />
				</Linker>
				<Environment>
					<Variable name="ARDUINO_DIR" value="$(APP_PATH)\ardusim" />
				</Environment>
			</Target>
			<Target title="Simulator - Release">
				<Option output="build/Marlin_sim.exe" prefix_auto="1" extension_auto="0" />
				<Option object_output="obj/Release/" />
				<Option type="1" />
				<Option compiler="GCC" />
				<Compiler>
					<Add option="-O2" />
					<Add option="-DF_CPU=16000000L" />
					<Add option="-DARDUSIM" />
					<Add option="-D__AVR_ATmega2560__" />
					<Add option="-x c++" />
					<Add directory="$(ARDUINO_DIR)/arduino/cores" />
					<Add directory="$(ARDUINO_DIR)/arduino/variants/standard" />
					<Add directory="$(ARDUINO_DIR)/include" />
				</Compiler>
				<Linker>
					<Add option="-s" />
					<Add option="-lardusim" />
				</Linker>
				<Environment>
					<Variable name="ARDUINO_DIR" value="$(APP_PATH)\ardusim" />
				</Environment>
			</Target>
			<Target title="Arduino Uno">
				<Option output="build/Marlin_${BOARD_ID}.elf" prefix_auto="1" extension_auto="0" />
				<Option object_output="build" />
				<Option type="1" />
				<Option compiler="avrgcc" />
				<Compiler>
					<Add option="-x c++" />
					<Add option="-mmcu=$(MCU)" />
					<Add option="-DF_CPU=16000000L" />
					<Add option="-D__AVR_ATmega328P__" />
					<Add option="-O2" />
					<Add option="-Os" />
					<Add directory="$(ARDUINO_DIR)/hardware/arduino/cores/arduino" />
					<Add directory="$(ARDUINO_DIR)/libraries" />
					<Add directory="$(ARDUINO_DIR)/hardware/arduino/variants/standard" />
				</Compiler>
				<Linker>
					<Add option="-mmcu=$(MCU)" />
					<Add option='&quot;$(PROJECT_DIR)${TARGET_OUTPUT_DIR}/lib_${BOARD_ID}_${MCU_CLOCK}.a&quot;' />
					<Add option='&quot;$(PROJECT_DIR)${TARGET_OUTPUT_DIR}/core_${BOARD_ID}_${MCU_CLOCK}.a&quot;' />
					<Add option="-s" />
				</Linker>
				<ExtraCommands>
					<Add before='$(TARGET_COMPILER_DIR)ArduinoUploader &quot;$(PROJECT_DIR).&quot; $(BOARD_ID) - $(MCU_CLOCK) 0 &quot;$(PROJECT_DIR)${TARGET_OUTPUT_DIR}/lib_${BOARD_ID}_${MCU_CLOCK}.a&quot; &quot;$(PROJECT_DIR)${TARGET_OUTPUT_DIR}/core_${BOARD_ID}_${MCU_CLOCK}.a&quot;' />
					<Add after='avr-objcopy -O ihex -R .eeprom -R .eesafe &quot;$(TARGET_OUTPUT_FILE)&quot; &quot;$(TARGET_OUTPUT_FILE).hex&quot;' />
					<Add after='avr-objcopy --no-change-warnings -j .eeprom --change-section-lma .eeprom=0 -O ihex &quot;$(TARGET_OUTPUT_FILE)&quot; &quot;$(TARGET_OUTPUT_FILE).eep.hex&quot;' />
					<Add after='avr-size --mcu=$(MCU) --format=avr &quot;$(TARGET_OUTPUT_FILE)&quot;' />
				</ExtraCommands>
				<Environment>
					<Variable name="BOARD" value="Arduino Uno" />
					<Variable name="BOARD_ID" value="uno" />
					<Variable name="MCU" value="atmega328p" />
					<Variable name="MCU_CLOCK" value="16" />
					<Variable name="UPLOAD_BAUDRATE" value="115200" />
					<Variable name="UPLOAD_PORT" value="" />
				</Environment>
			</Target>
			<Target title="Arduino Leonardo">
				<Option output="build/Marlin_${BOARD_ID}.elf" prefix_auto="1" extension_auto="0" />
				<Option object_output="build" />
				<Option type="1" />
				<Option compiler="avrgcc" />
				<Compiler>
					<Add option="-x c++" />
					<Add option="-mmcu=$(MCU)" />
					<Add option="-DF_CPU=16000000L" />
					<Add option="-D__AVR_ATmega32U4__" />
					<Add option="-DUSB_VID=0x2341" />
					<Add option="-DUSB_PID=0x8036" />
					<Add option="-O2" />
					<Add option="-Os" />
					<Add directory="$(ARDUINO_DIR)/hardware/arduino/cores/arduino" />
					<Add directory="$(ARDUINO_DIR)/libraries" />
					<Add directory="$(ARDUINO_DIR)/hardware/arduino/variants/leonardo" />
				</Compiler>
				<Linker>
					<Add option="-mmcu=$(MCU)" />
					<Add option='&quot;$(PROJECT_DIR)${TARGET_OUTPUT_DIR}/lib_${BOARD_ID}_${MCU_CLOCK}.a&quot;' />
					<Add option='&quot;$(PROJECT_DIR)${TARGET_OUTPUT_DIR}/core_${BOARD_ID}_${MCU_CLOCK}.a&quot;' />
					<Add option="-s" />
				</Linker>
				<ExtraCommands>
					<Add before='$(TARGET_COMPILER_DIR)ArduinoUploader &quot;$(PROJECT_DIR).&quot; $(BOARD_ID) - $(MCU_CLOCK) 0 &quot;$(PROJECT_DIR)${TARGET_OUTPUT_DIR}/lib_${BOARD_ID}_${MCU_CLOCK}.a&quot; &quot;$(PROJECT_DIR)${TARGET_OUTPUT_DIR}/core_${BOARD_ID}_${MCU_CLOCK}.a&quot;' />
					<Add after='avr-objcopy -O ihex -R .eeprom -R .eesafe &quot;$(TARGET_OUTPUT_FILE)&quot; &quot;$(TARGET_OUTPUT_FILE).hex&quot;' />
					<Add after='avr-objcopy --no-change-warnings -j .eeprom --change-section-lma .eeprom=0 -O ihex &quot;$(TARGET_OUTPUT_FILE)&quot; &quot;$(TARGET_OUTPUT_FILE).eep.hex&quot;' />
					<Add after='avr-size --mcu=$(MCU) --format=avr &quot;$(TARGET_OUTPUT_FILE)&quot;' />
				</ExtraCommands>
				<Environment>
					<Variable name="BOARD" value="Arduino Leonardo" />
					<Variable name="BOARD_ID" value="leonardo" />
					<Variable name="MCU" value="atmega32u4" />
					<Variable name="MCU_CLOCK" value="16" />
					<Variable name="UPLOAD_BAUDRATE" value="57600" />
					<Variable name="UPLOAD_PORT" value="" />
				</Environment>
			</Target>
			<Target title="Arduino Esplora">
				<Option output="build/Marlin_${BOARD_ID}.elf" prefix_auto="1" extension_auto="0" />
				<Option object_output="build" />
				<Option type="1" />
				<Option compiler="avrgcc" />
				<Compiler>
					<Add option="-x c++" />
					<Add option="-mmcu=$(MCU)" />
					<Add option="-DF_CPU=16000000L" />
					<Add option="-D__AVR_ATmega32U4__" />
					<Add option="-DUSB_VID=0x2341" />
					<Add option="-DUSB_PID=0x8037" />
					<Add option="-O2" />
					<Add option="-Os" />
					<Add directory="$(ARDUINO_DIR)/hardware/arduino/cores/arduino" />
					<Add directory="$(ARDUINO_DIR)/libraries" />
					<Add directory="$(ARDUINO_DIR)/hardware/arduino/variants/leonardo" />
				</Compiler>
				<Linker>
					<Add option="-mmcu=$(MCU)" />
					<Add option='&quot;$(PROJECT_DIR)${TARGET_OUTPUT_DIR}/lib_${BOARD_ID}_${MCU_CLOCK}.a&quot;' />
					<Add option='&quot;$(PROJECT_DIR)${TARGET_OUTPUT_DIR}/core_${BOARD_ID}_${MCU_CLOCK}.a&quot;' />
					<Add option="-s" />
				</Linker>
				<ExtraCommands>
					<Add before='$(TARGET_COMPILER_DIR)ArduinoUploader &quot;$(PROJECT_DIR).&quot; $(BOARD_ID) - $(MCU_CLOCK) 0 &quot;$(PROJECT_DIR)${TARGET_OUTPUT_DIR}/lib_${BOARD_ID}_${MCU_CLOCK}.a&quot; &quot;$(PROJECT_DIR)${TARGET_OUTPUT_DIR}/core_${BOARD_ID}_${MCU_CLOCK}.a&quot;' />
					<Add after='avr-objcopy -O ihex -R .eeprom -R .eesafe &quot;$(TARGET_OUTPUT_FILE)&quot; &quot;$(TARGET_OUTPUT_FILE).hex&quot;' />
					<Add after='avr-objcopy --no-change-warnings -j .eeprom --change-section-lma .eeprom=0 -O ihex &quot;$(TARGET_OUTPUT_FILE)&quot; &quot;$(TARGET_OUTPUT_FILE).eep.hex&quot;' />
					<Add after='avr-size --mcu=$(MCU) --format=avr &quot;$(TARGET_OUTPUT_FILE)&quot;' />
				</ExtraCommands>
				<Environment>
					<Variable name="BOARD" value="Arduino Esplora" />
					<Variable name="BOARD_ID" value="esplora" />
					<Variable name="MCU" value="atmega32u4" />
					<Variable name="MCU_CLOCK" value="16" />
					<Variable name="UPLOAD_BAUDRATE" value="57600" />
					<Variable name="UPLOAD_PORT" value="" />
				</Environment>
			</Target>
			<Target title="Arduino Micro">
				<Option output="build/Marlin_${BOARD_ID}.elf" prefix_auto="1" extension_auto="0" />
				<Option object_output="build" />
				<Option type="1" />
				<Option compiler="avrgcc" />
				<Compiler>
					<Add option="-x c++" />
					<Add option="-mmcu=$(MCU)" />
					<Add option="-DF_CPU=16000000L" />
					<Add option="-D__AVR_ATmega32U4__" />
					<Add option="-DUSB_VID=0x2341" />
					<Add option="-DUSB_PID=0x803C" />
					<Add option="-O2" />
					<Add option="-Os" />
					<Add directory="$(ARDUINO_DIR)/hardware/arduino/cores/arduino" />
					<Add directory="$(ARDUINO_DIR)/libraries" />
					<Add directory="$(ARDUINO_DIR)/hardware/arduino/variants/micro" />
				</Compiler>
				<Linker>
					<Add option="-mmcu=$(MCU)" />
					<Add option='&quot;$(PROJECT_DIR)${TARGET_OUTPUT_DIR}/lib_${BOARD_ID}_${MCU_CLOCK}.a&quot;' />
					<Add option='&quot;$(PROJECT_DIR)${TARGET_OUTPUT_DIR}/core_${BOARD_ID}_${MCU_CLOCK}.a&quot;' />
					<Add option="-s" />
				</Linker>
				<ExtraCommands>
					<Add before='$(TARGET_COMPILER_DIR)ArduinoUploader &quot;$(PROJECT_DIR).&quot; $(BOARD_ID) - $(MCU_CLOCK) 0 &quot;$(PROJECT_DIR)${TARGET_OUTPUT_DIR}/lib_${BOARD_ID}_${MCU_CLOCK}.a&quot; &quot;$(PROJECT_DIR)${TARGET_OUTPUT_DIR}/core_${BOARD_ID}_${MCU_CLOCK}.a&quot;' />
					<Add after='avr-objcopy -O ihex -R .eeprom -R .eesafe &quot;$(TARGET_OUTPUT_FILE)&quot; &quot;$(TARGET_OUTPUT_FILE).hex&quot;' />
					<Add after='avr-objcopy --no-change-warnings -j .eeprom --change-section-lma .eeprom=0 -O ihex &quot;$(TARGET_OUTPUT_FILE)&quot; &quot;$(TARGET_OUTPUT_FILE).eep.hex&quot;' />
					<Add after='avr-size --mcu=$(MCU) --format=avr &quot;$(TARGET_OUTPUT_FILE)&quot;' />
				</ExtraCommands>
				<Environment>
					<Variable name="BOARD" value="Arduino Micro" />
					<Variable name="BOARD_ID" value="micro" />
					<Variable name="MCU" value="atmega32u4" />
					<Variable name="MCU_CLOCK" value="16" />
					<Variable name="UPLOAD_BAUDRATE" value="57600" />
					<Variable name="UPLOAD_PORT" value="" />
				</Environment>
			</Target>
			<Target title="Arduino Duemilanove (328)">
				<Option output="build/Marlin_${BOARD_ID}.elf" prefix_auto="1" extension_auto="0" />
				<Option object_output="build" />
				<Option type="1" />
				<Option compiler="avrgcc" />
				<Compiler>
					<Add option="-x c++" />
					<Add option="-mmcu=$(MCU)" />
					<Add option="-DF_CPU=16000000L" />
					<Add option="-D__AVR_ATmega328P__" />
					<Add option="-O2" />
					<Add option="-Os" />
					<Add directory="$(ARDUINO_DIR)/hardware/arduino/cores/arduino" />
					<Add directory="$(ARDUINO_DIR)/libraries" />
					<Add directory="$(ARDUINO_DIR)/hardware/arduino/variants/standard" />
				</Compiler>
				<Linker>
					<Add option="-mmcu=$(MCU)" />
					<Add option='&quot;$(PROJECT_DIR)${TARGET_OUTPUT_DIR}/lib_${BOARD_ID}_${MCU_CLOCK}.a&quot;' />
					<Add option='&quot;$(PROJECT_DIR)${TARGET_OUTPUT_DIR}/core_${BOARD_ID}_${MCU_CLOCK}.a&quot;' />
					<Add option="-s" />
				</Linker>
				<ExtraCommands>
					<Add before='$(TARGET_COMPILER_DIR)ArduinoUploader &quot;$(PROJECT_DIR).&quot; $(BOARD_ID) - $(MCU_CLOCK) 0 &quot;$(PROJECT_DIR)${TARGET_OUTPUT_DIR}/lib_${BOARD_ID}_${MCU_CLOCK}.a&quot; &quot;$(PROJECT_DIR)${TARGET_OUTPUT_DIR}/core_${BOARD_ID}_${MCU_CLOCK}.a&quot;' />
					<Add after='avr-objcopy -O ihex -R .eeprom -R .eesafe &quot;$(TARGET_OUTPUT_FILE)&quot; &quot;$(TARGET_OUTPUT_FILE).hex&quot;' />
					<Add after='avr-objcopy --no-change-warnings -j .eeprom --change-section-lma .eeprom=0 -O ihex &quot;$(TARGET_OUTPUT_FILE)&quot; &quot;$(TARGET_OUTPUT_FILE).eep.hex&quot;' />
					<Add after='avr-size --mcu=$(MCU) --format=avr &quot;$(TARGET_OUTPUT_FILE)&quot;' />
				</ExtraCommands>
				<Environment>
					<Variable name="BOARD" value="Arduino Duemilanove (328)" />
					<Variable name="BOARD_ID" value="duemilanove328" />
					<Variable name="MCU" value="atmega328p" />
					<Variable name="MCU_CLOCK" value="16" />
					<Variable name="UPLOAD_BAUDRATE" value="57600" />
					<Variable name="UPLOAD_PORT" value="" />
				</Environment>
			</Target>
			<Target title="Arduino Duemilanove (168)">
				<Option output="build/Marlin_${BOARD_ID}.elf" prefix_auto="1" extension_auto="0" />
				<Option object_output="build" />
				<Option type="1" />
				<Option compiler="avrgcc" />
				<Compiler>
					<Add option="-x c++" />
					<Add option="-mmcu=$(MCU)" />
					<Add option="-DF_CPU=16000000L" />
					<Add option="-D__AVR_ATmega168__" />
					<Add option="-O2" />
					<Add option="-Os" />
					<Add directory="$(ARDUINO_DIR)/hardware/arduino/cores/arduino" />
					<Add directory="$(ARDUINO_DIR)/libraries" />
					<Add directory="$(ARDUINO_DIR)/hardware/arduino/variants/standard" />
				</Compiler>
				<Linker>
					<Add option="-mmcu=$(MCU)" />
					<Add option='&quot;$(PROJECT_DIR)${TARGET_OUTPUT_DIR}/lib_${BOARD_ID}_${MCU_CLOCK}.a&quot;' />
					<Add option='&quot;$(PROJECT_DIR)${TARGET_OUTPUT_DIR}/core_${BOARD_ID}_${MCU_CLOCK}.a&quot;' />
					<Add option="-s" />
				</Linker>
				<ExtraCommands>
					<Add before='$(TARGET_COMPILER_DIR)ArduinoUploader &quot;$(PROJECT_DIR).&quot; $(BOARD_ID) - $(MCU_CLOCK) 0 &quot;$(PROJECT_DIR)${TARGET_OUTPUT_DIR}/lib_${BOARD_ID}_${MCU_CLOCK}.a&quot; &quot;$(PROJECT_DIR)${TARGET_OUTPUT_DIR}/core_${BOARD_ID}_${MCU_CLOCK}.a&quot;' />
					<Add after='avr-objcopy -O ihex -R .eeprom -R .eesafe &quot;$(TARGET_OUTPUT_FILE)&quot; &quot;$(TARGET_OUTPUT_FILE).hex&quot;' />
					<Add after='avr-objcopy --no-change-warnings -j .eeprom --change-section-lma .eeprom=0 -O ihex &quot;$(TARGET_OUTPUT_FILE)&quot; &quot;$(TARGET_OUTPUT_FILE).eep.hex&quot;' />
					<Add after='avr-size --mcu=$(MCU) --format=avr &quot;$(TARGET_OUTPUT_FILE)&quot;' />
				</ExtraCommands>
				<Environment>
					<Variable name="BOARD" value="Arduino Duemilanove (168)" />
					<Variable name="BOARD_ID" value="duemilanove168" />
					<Variable name="MCU" value="atmega168" />
					<Variable name="MCU_CLOCK" value="16" />
					<Variable name="UPLOAD_BAUDRATE" value="19200" />
					<Variable name="UPLOAD_PORT" value="" />
				</Environment>
			</Target>
			<Target title="Arduino Nano (328)">
				<Option output="build/Marlin_${BOARD_ID}.elf" prefix_auto="1" extension_auto="0" />
				<Option object_output="build" />
				<Option type="1" />
				<Option compiler="avrgcc" />
				<Compiler>
					<Add option="-x c++" />
					<Add option="-mmcu=$(MCU)" />
					<Add option="-DF_CPU=16000000L" />
					<Add option="-D__AVR_ATmega328P__" />
					<Add option="-O2" />
					<Add option="-Os" />
					<Add directory="$(ARDUINO_DIR)/hardware/arduino/cores/arduino" />
					<Add directory="$(ARDUINO_DIR)/libraries" />
					<Add directory="$(ARDUINO_DIR)/hardware/arduino/variants/eightanaloginputs" />
				</Compiler>
				<Linker>
					<Add option="-mmcu=$(MCU)" />
					<Add option='&quot;$(PROJECT_DIR)${TARGET_OUTPUT_DIR}/lib_${BOARD_ID}_${MCU_CLOCK}.a&quot;' />
					<Add option='&quot;$(PROJECT_DIR)${TARGET_OUTPUT_DIR}/core_${BOARD_ID}_${MCU_CLOCK}.a&quot;' />
					<Add option="-s" />
				</Linker>
				<ExtraCommands>
					<Add before='$(TARGET_COMPILER_DIR)ArduinoUploader &quot;$(PROJECT_DIR).&quot; $(BOARD_ID) - $(MCU_CLOCK) 0 &quot;$(PROJECT_DIR)${TARGET_OUTPUT_DIR}/lib_${BOARD_ID}_${MCU_CLOCK}.a&quot; &quot;$(PROJECT_DIR)${TARGET_OUTPUT_DIR}/core_${BOARD_ID}_${MCU_CLOCK}.a&quot;' />
					<Add after='avr-objcopy -O ihex -R .eeprom -R .eesafe &quot;$(TARGET_OUTPUT_FILE)&quot; &quot;$(TARGET_OUTPUT_FILE).hex&quot;' />
					<Add after='avr-objcopy --no-change-warnings -j .eeprom --change-section-lma .eeprom=0 -O ihex &quot;$(TARGET_OUTPUT_FILE)&quot; &quot;$(TARGET_OUTPUT_FILE).eep.hex&quot;' />
					<Add after='avr-size --mcu=$(MCU) --format=avr &quot;$(TARGET_OUTPUT_FILE)&quot;' />
				</ExtraCommands>
				<Environment>
					<Variable name="BOARD" value="Arduino Nano (328)" />
					<Variable name="BOARD_ID" value="nano328" />
					<Variable name="MCU" value="atmega328p" />
					<Variable name="MCU_CLOCK" value="16" />
					<Variable name="UPLOAD_BAUDRATE" value="57600" />
					<Variable name="UPLOAD_PORT" value="" />
				</Environment>
			</Target>
			<Target title="Arduino Nano (168)">
				<Option output="build/Marlin_${BOARD_ID}.elf" prefix_auto="1" extension_auto="0" />
				<Option object_output="build" />
				<Option type="1" />
				<Option compiler="avrgcc" />
				<Compiler>
					<Add option="-x c++" />
					<Add option="-mmcu=$(MCU)" />
					<Add option="-DF_CPU=16000000L" />
					<Add option="-D__AVR_ATmega168__" />
					<Add option="-O2" />
					<Add option="-Os" />
					<Add directory="$(ARDUINO_DIR)/hardware/arduino/cores/arduino" />
					<Add directory="$(ARDUINO_DIR)/libraries" />
					<Add directory="$(ARDUINO_DIR)/hardware/arduino/variants/eightanaloginputs" />
				</Compiler>
				<Linker>
					<Add option="-mmcu=$(MCU)" />
					<Add option='&quot;$(PROJECT_DIR)${TARGET_OUTPUT_DIR}/lib_${BOARD_ID}_${MCU_CLOCK}.a&quot;' />
					<Add option='&quot;$(PROJECT_DIR)${TARGET_OUTPUT_DIR}/core_${BOARD_ID}_${MCU_CLOCK}.a&quot;' />
					<Add option="-s" />
				</Linker>
				<ExtraCommands>
					<Add before='$(TARGET_COMPILER_DIR)ArduinoUploader &quot;$(PROJECT_DIR).&quot; $(BOARD_ID) - $(MCU_CLOCK) 0 &quot;$(PROJECT_DIR)${TARGET_OUTPUT_DIR}/lib_${BOARD_ID}_${MCU_CLOCK}.a&quot; &quot;$(PROJECT_DIR)${TARGET_OUTPUT_DIR}/core_${BOARD_ID}_${MCU_CLOCK}.a&quot;' />
					<Add after='avr-objcopy -O ihex -R .eeprom -R .eesafe &quot;$(TARGET_OUTPUT_FILE)&quot; &quot;$(TARGET_OUTPUT_FILE).hex&quot;' />
					<Add after='avr-objcopy --no-change-warnings -j .eeprom --change-section-lma .eeprom=0 -O ihex &quot;$(TARGET_OUTPUT_FILE)&quot; &quot;$(TARGET_OUTPUT_FILE).eep.hex&quot;' />
					<Add after='avr-size --mcu=$(MCU) --format=avr &quot;$(TARGET_OUTPUT_FILE)&quot;' />
				</ExtraCommands>
				<Environment>
					<Variable name="BOARD" value="Arduino Nano (168)" />
					<Variable name="BOARD_ID" value="nano168" />
					<Variable name="MCU" value="atmega168" />
					<Variable name="MCU_CLOCK" value="16" />
					<Variable name="UPLOAD_BAUDRATE" value="19200" />
					<Variable name="UPLOAD_PORT" value="" />
				</Environment>
			</Target>
			<Target title="Arduino Mini (328)">
				<Option output="build/Marlin_${BOARD_ID}.elf" prefix_auto="1" extension_auto="0" />
				<Option object_output="build" />
				<Option type="1" />
				<Option compiler="avrgcc" />
				<Compiler>
					<Add option="-x c++" />
					<Add option="-mmcu=$(MCU)" />
					<Add option="-DF_CPU=16000000L" />
					<Add option="-D__AVR_ATmega328P__" />
					<Add option="-O2" />
					<Add option="-Os" />
					<Add directory="$(ARDUINO_DIR)/hardware/arduino/cores/arduino" />
					<Add directory="$(ARDUINO_DIR)/libraries" />
					<Add directory="$(ARDUINO_DIR)/hardware/arduino/variants/eightanaloginputs" />
				</Compiler>
				<Linker>
					<Add option="-mmcu=$(MCU)" />
					<Add option='&quot;$(PROJECT_DIR)${TARGET_OUTPUT_DIR}/lib_${BOARD_ID}_${MCU_CLOCK}.a&quot;' />
					<Add option='&quot;$(PROJECT_DIR)${TARGET_OUTPUT_DIR}/core_${BOARD_ID}_${MCU_CLOCK}.a&quot;' />
					<Add option="-s" />
				</Linker>
				<ExtraCommands>
					<Add before='$(TARGET_COMPILER_DIR)ArduinoUploader &quot;$(PROJECT_DIR).&quot; $(BOARD_ID) - $(MCU_CLOCK) 0 &quot;$(PROJECT_DIR)${TARGET_OUTPUT_DIR}/lib_${BOARD_ID}_${MCU_CLOCK}.a&quot; &quot;$(PROJECT_DIR)${TARGET_OUTPUT_DIR}/core_${BOARD_ID}_${MCU_CLOCK}.a&quot;' />
					<Add after='avr-objcopy -O ihex -R .eeprom -R .eesafe &quot;$(TARGET_OUTPUT_FILE)&quot; &quot;$(TARGET_OUTPUT_FILE).hex&quot;' />
					<Add after='avr-objcopy --no-change-warnings -j .eeprom --change-section-lma .eeprom=0 -O ihex &quot;$(TARGET_OUTPUT_FILE)&quot; &quot;$(TARGET_OUTPUT_FILE).eep.hex&quot;' />
					<Add after='avr-size --mcu=$(MCU) --format=avr &quot;$(TARGET_OUTPUT_FILE)&quot;' />
				</ExtraCommands>
				<Environment>
					<Variable name="BOARD" value="Arduino Mini (328)" />
					<Variable name="BOARD_ID" value="mini328" />
					<Variable name="MCU" value="atmega328p" />
					<Variable name="MCU_CLOCK" value="16" />
					<Variable name="UPLOAD_BAUDRATE" value="57600" />
					<Variable name="UPLOAD_PORT" value="" />
				</Environment>
			</Target>
			<Target title="Arduino Mini (168)">
				<Option output="build/Marlin_${BOARD_ID}.elf" prefix_auto="1" extension_auto="0" />
				<Option object_output="build" />
				<Option type="1" />
				<Option compiler="avrgcc" />
				<Compiler>
					<Add option="-x c++" />
					<Add option="-mmcu=$(MCU)" />
					<Add option="-DF_CPU=16000000L" />
					<Add option="-D__AVR_ATmega168__" />
					<Add option="-O2" />
					<Add option="-Os" />
					<Add directory="$(ARDUINO_DIR)/hardware/arduino/cores/arduino" />
					<Add directory="$(ARDUINO_DIR)/libraries" />
					<Add directory="$(ARDUINO_DIR)/hardware/arduino/variants/eightanaloginputs" />
				</Compiler>
				<Linker>
					<Add option="-mmcu=$(MCU)" />
					<Add option='&quot;$(PROJECT_DIR)${TARGET_OUTPUT_DIR}/lib_${BOARD_ID}_${MCU_CLOCK}.a&quot;' />
					<Add option='&quot;$(PROJECT_DIR)${TARGET_OUTPUT_DIR}/core_${BOARD_ID}_${MCU_CLOCK}.a&quot;' />
					<Add option="-s" />
				</Linker>
				<ExtraCommands>
					<Add before='$(TARGET_COMPILER_DIR)ArduinoUploader &quot;$(PROJECT_DIR).&quot; $(BOARD_ID) - $(MCU_CLOCK) 0 &quot;$(PROJECT_DIR)${TARGET_OUTPUT_DIR}/lib_${BOARD_ID}_${MCU_CLOCK}.a&quot; &quot;$(PROJECT_DIR)${TARGET_OUTPUT_DIR}/core_${BOARD_ID}_${MCU_CLOCK}.a&quot;' />
					<Add after='avr-objcopy -O ihex -R .eeprom -R .eesafe &quot;$(TARGET_OUTPUT_FILE)&quot; &quot;$(TARGET_OUTPUT_FILE).hex&quot;' />
					<Add after='avr-objcopy --no-change-warnings -j .eeprom --change-section-lma .eeprom=0 -O ihex &quot;$(TARGET_OUTPUT_FILE)&quot; &quot;$(TARGET_OUTPUT_FILE).eep.hex&quot;' />
					<Add after='avr-size --mcu=$(MCU) --format=avr &quot;$(TARGET_OUTPUT_FILE)&quot;' />
				</ExtraCommands>
				<Environment>
					<Variable name="BOARD" value="Arduino Mini (168)" />
					<Variable name="BOARD_ID" value="mini168" />
					<Variable name="MCU" value="atmega168" />
					<Variable name="MCU_CLOCK" value="16" />
					<Variable name="UPLOAD_BAUDRATE" value="19200" />
					<Variable name="UPLOAD_PORT" value="" />
				</Environment>
			</Target>
			<Target title="Arduino Pro Mini (328)">
				<Option output="build/Marlin_${BOARD_ID}.elf" prefix_auto="1" extension_auto="0" />
				<Option object_output="build" />
				<Option type="1" />
				<Option compiler="avrgcc" />
				<Compiler>
					<Add option="-x c++" />
					<Add option="-mmcu=$(MCU)" />
					<Add option="-DF_CPU=16000000L" />
					<Add option="-D__AVR_ATmega328P__" />
					<Add option="-O2" />
					<Add option="-Os" />
					<Add directory="$(ARDUINO_DIR)/hardware/arduino/cores/arduino" />
					<Add directory="$(ARDUINO_DIR)/libraries" />
					<Add directory="$(ARDUINO_DIR)/hardware/arduino/variants/standard" />
				</Compiler>
				<Linker>
					<Add option="-mmcu=$(MCU)" />
					<Add option='&quot;$(PROJECT_DIR)${TARGET_OUTPUT_DIR}/lib_${BOARD_ID}_${MCU_CLOCK}.a&quot;' />
					<Add option='&quot;$(PROJECT_DIR)${TARGET_OUTPUT_DIR}/core_${BOARD_ID}_${MCU_CLOCK}.a&quot;' />
					<Add option="-s" />
				</Linker>
				<ExtraCommands>
					<Add before='$(TARGET_COMPILER_DIR)ArduinoUploader &quot;$(PROJECT_DIR).&quot; $(BOARD_ID) - $(MCU_CLOCK) 0 &quot;$(PROJECT_DIR)${TARGET_OUTPUT_DIR}/lib_${BOARD_ID}_${MCU_CLOCK}.a&quot; &quot;$(PROJECT_DIR)${TARGET_OUTPUT_DIR}/core_${BOARD_ID}_${MCU_CLOCK}.a&quot;' />
					<Add after='avr-objcopy -O ihex -R .eeprom -R .eesafe &quot;$(TARGET_OUTPUT_FILE)&quot; &quot;$(TARGET_OUTPUT_FILE).hex&quot;' />
					<Add after='avr-objcopy --no-change-warnings -j .eeprom --change-section-lma .eeprom=0 -O ihex &quot;$(TARGET_OUTPUT_FILE)&quot; &quot;$(TARGET_OUTPUT_FILE).eep.hex&quot;' />
					<Add after='avr-size --mcu=$(MCU) --format=avr &quot;$(TARGET_OUTPUT_FILE)&quot;' />
				</ExtraCommands>
				<Environment>
					<Variable name="BOARD" value="Arduino Pro Mini (328)" />
					<Variable name="BOARD_ID" value="promini328" />
					<Variable name="MCU" value="atmega328p" />
					<Variable name="MCU_CLOCK" value="16" />
					<Variable name="UPLOAD_BAUDRATE" value="57600" />
					<Variable name="UPLOAD_PORT" value="" />
				</Environment>
			</Target>
			<Target title="Arduino Pro Mini (168)">
				<Option output="build/Marlin_${BOARD_ID}.elf" prefix_auto="1" extension_auto="0" />
				<Option object_output="build" />
				<Option type="1" />
				<Option compiler="avrgcc" />
				<Compiler>
					<Add option="-x c++" />
					<Add option="-mmcu=$(MCU)" />
					<Add option="-DF_CPU=16000000L" />
					<Add option="-D__AVR_ATmega168__" />
					<Add option="-O2" />
					<Add option="-Os" />
					<Add directory="$(ARDUINO_DIR)/hardware/arduino/cores/arduino" />
					<Add directory="$(ARDUINO_DIR)/libraries" />
					<Add directory="$(ARDUINO_DIR)/hardware/arduino/variants/standard" />
				</Compiler>
				<Linker>
					<Add option="-mmcu=$(MCU)" />
					<Add option='&quot;$(PROJECT_DIR)${TARGET_OUTPUT_DIR}/lib_${BOARD_ID}_${MCU_CLOCK}.a&quot;' />
					<Add option='&quot;$(PROJECT_DIR)${TARGET_OUTPUT_DIR}/core_${BOARD_ID}_${MCU_CLOCK}.a&quot;' />
					<Add option="-s" />
				</Linker>
				<ExtraCommands>
					<Add before='$(TARGET_COMPILER_DIR)ArduinoUploader &quot;$(PROJECT_DIR).&quot; $(BOARD_ID) - $(MCU_CLOCK) 0 &quot;$(PROJECT_DIR)${TARGET_OUTPUT_DIR}/lib_${BOARD_ID}_${MCU_CLOCK}.a&quot; &quot;$(PROJECT_DIR)${TARGET_OUTPUT_DIR}/core_${BOARD_ID}_${MCU_CLOCK}.a&quot;' />
					<Add after='avr-objcopy -O ihex -R .eeprom -R .eesafe &quot;$(TARGET_OUTPUT_FILE)&quot; &quot;$(TARGET_OUTPUT_FILE).hex&quot;' />
					<Add after='avr-objcopy --no-change-warnings -j .eeprom --change-section-lma .eeprom=0 -O ihex &quot;$(TARGET_OUTPUT_FILE)&quot; &quot;$(TARGET_OUTPUT_FILE).eep.hex&quot;' />
					<Add after='avr-size --mcu=$(MCU) --format=avr &quot;$(TARGET_OUTPUT_FILE)&quot;' />
				</ExtraCommands>
				<Environment>
					<Variable name="BOARD" value="Arduino Pro Mini (168)" />
					<Variable name="BOARD_ID" value="promini168" />
					<Variable name="MCU" value="atmega168" />
					<Variable name="MCU_CLOCK" value="16" />
					<Variable name="UPLOAD_BAUDRATE" value="19200" />
					<Variable name="UPLOAD_PORT" value="" />
				</Environment>
			</Target>
			<Target title="Arduino Mega 2560/ADK">
				<Option output="build/Marlin_${BOARD_ID}.elf" prefix_auto="1" extension_auto="0" />
				<Option object_output="build" />
				<Option type="1" />
				<Option compiler="avrgcc" />
				<Compiler>
					<Add option="-O2" />
					<Add option="-w" />
					<Add option="-x c++" />
					<Add option="-mmcu=$(MCU)" />
					<Add option="-DF_CPU=16000000L" />
					<Add option="-D__AVR_ATmega2560__" />
					<Add directory="$(ARDUINO_DIR)/hardware/arduino/cores/arduino" />
					<Add directory="$(ARDUINO_DIR)/libraries" />
					<Add directory="$(ARDUINO_DIR)/hardware/arduino/variants/mega" />
				</Compiler>
				<Linker>
					<Add option="-s" />
					<Add option="-mmcu=$(MCU)" />
					<Add option='&quot;$(PROJECT_DIR)${TARGET_OUTPUT_DIR}/lib_${BOARD_ID}_${MCU_CLOCK}.a&quot;' />
					<Add option='&quot;$(PROJECT_DIR)${TARGET_OUTPUT_DIR}/core_${BOARD_ID}_${MCU_CLOCK}.a&quot;' />
				</Linker>
				<ExtraCommands>
					<Add before='$(TARGET_COMPILER_DIR)ArduinoUploader &quot;$(PROJECT_DIR).&quot; $(BOARD_ID) - $(MCU_CLOCK) 0 &quot;$(PROJECT_DIR)${TARGET_OUTPUT_DIR}/lib_${BOARD_ID}_${MCU_CLOCK}.a&quot; &quot;$(PROJECT_DIR)${TARGET_OUTPUT_DIR}/core_${BOARD_ID}_${MCU_CLOCK}.a&quot;' />
					<Add after='avr-objcopy -O ihex -R .eeprom -R .eesafe &quot;$(TARGET_OUTPUT_FILE)&quot; &quot;$(TARGET_OUTPUT_FILE).hex&quot;' />
					<Add after='avr-objcopy --no-change-warnings -j .eeprom --change-section-lma .eeprom=0 -O ihex &quot;$(TARGET_OUTPUT_FILE)&quot; &quot;$(TARGET_OUTPUT_FILE).eep.hex&quot;' />
					<Add after='avr-size --mcu=$(MCU) --format=avr &quot;$(TARGET_OUTPUT_FILE)&quot;' />
				</ExtraCommands>
				<Environment>
					<Variable name="BOARD" value="Arduino Mega 2560\ADK" />
					<Variable name="BOARD_ID" value="mega2560" />
					<Variable name="MCU" value="atmega2560" />
					<Variable name="MCU_CLOCK" value="16" />
					<Variable name="UPLOAD_BAUDRATE" value="57600" />
					<Variable name="UPLOAD_PORT" value="" />
				</Environment>
			</Target>
			<Target title="Arduino Mega 1280">
				<Option output="build/Marlin_${BOARD_ID}.elf" prefix_auto="1" extension_auto="0" />
				<Option object_output="build" />
				<Option type="1" />
				<Option compiler="avrgcc" />
				<Compiler>
					<Add option="-x c++" />
					<Add option="-mmcu=$(MCU)" />
					<Add option="-DF_CPU=16000000L" />
					<Add option="-D__AVR_ATmega1280__" />
					<Add option="-O2" />
					<Add directory="$(ARDUINO_DIR)/hardware/arduino/cores/arduino" />
					<Add directory="$(ARDUINO_DIR)/libraries" />
					<Add directory="$(ARDUINO_DIR)/hardware/arduino/variants/mega" />
				</Compiler>
				<Linker>
					<Add option="-mmcu=$(MCU)" />
					<Add option='&quot;$(PROJECT_DIR)${TARGET_OUTPUT_DIR}/lib_${BOARD_ID}_${MCU_CLOCK}.a&quot;' />
					<Add option='&quot;$(PROJECT_DIR)${TARGET_OUTPUT_DIR}/core_${BOARD_ID}_${MCU_CLOCK}.a&quot;' />
					<Add option="-s" />
				</Linker>
				<ExtraCommands>
					<Add before='$(TARGET_COMPILER_DIR)ArduinoUploader &quot;$(PROJECT_DIR).&quot; $(BOARD_ID) - $(MCU_CLOCK) 0 &quot;$(PROJECT_DIR)${TARGET_OUTPUT_DIR}/lib_${BOARD_ID}_${MCU_CLOCK}.a&quot; &quot;$(PROJECT_DIR)${TARGET_OUTPUT_DIR}/core_${BOARD_ID}_${MCU_CLOCK}.a&quot;' />
					<Add after='avr-objcopy -O ihex -R .eeprom -R .eesafe &quot;$(TARGET_OUTPUT_FILE)&quot; &quot;$(TARGET_OUTPUT_FILE).hex&quot;' />
					<Add after='avr-objcopy --no-change-warnings -j .eeprom --change-section-lma .eeprom=0 -O ihex &quot;$(TARGET_OUTPUT_FILE)&quot; &quot;$(TARGET_OUTPUT_FILE).eep.hex&quot;' />
					<Add after='avr-size --mcu=$(MCU) --format=avr &quot;$(TARGET_OUTPUT_FILE)&quot;' />
				</ExtraCommands>
				<Environment>
					<Variable name="BOARD" value="Arduino Mega 1280" />
					<Variable name="BOARD_ID" value="mega1280" />
					<Variable name="MCU" value="atmega1280" />
					<Variable name="MCU_CLOCK" value="16" />
					<Variable name="UPLOAD_BAUDRATE" value="57600" />
					<Variable name="UPLOAD_PORT" value="" />
				</Environment>
			</Target>
			<Target title="Arduino Mega 8">
				<Option output="build/Marlin_${BOARD_ID}.elf" prefix_auto="1" extension_auto="0" />
				<Option object_output="build" />
				<Option type="1" />
				<Option compiler="avrgcc" />
				<Compiler>
					<Add option="-x c++" />
					<Add option="-mmcu=$(MCU)" />
					<Add option="-DF_CPU=16000000L" />
					<Add option="-D__AVR_ATmega328P__" />
					<Add option="-O2" />
					<Add option="-Os" />
					<Add directory="$(ARDUINO_DIR)/hardware/arduino/cores/arduino" />
					<Add directory="$(ARDUINO_DIR)/libraries" />
					<Add directory="$(ARDUINO_DIR)/hardware/arduino/variants/standard" />
				</Compiler>
				<Linker>
					<Add option="-mmcu=$(MCU)" />
					<Add option='&quot;$(PROJECT_DIR)${TARGET_OUTPUT_DIR}/lib_${BOARD_ID}_${MCU_CLOCK}.a&quot;' />
					<Add option='&quot;$(PROJECT_DIR)${TARGET_OUTPUT_DIR}/core_${BOARD_ID}_${MCU_CLOCK}.a&quot;' />
					<Add option="-s" />
				</Linker>
				<ExtraCommands>
					<Add before='$(TARGET_COMPILER_DIR)ArduinoUploader &quot;$(PROJECT_DIR).&quot; $(BOARD_ID) - $(MCU_CLOCK) 0 &quot;$(PROJECT_DIR)${TARGET_OUTPUT_DIR}/lib_${BOARD_ID}_${MCU_CLOCK}.a&quot; &quot;$(PROJECT_DIR)${TARGET_OUTPUT_DIR}/core_${BOARD_ID}_${MCU_CLOCK}.a&quot;' />
					<Add after='avr-objcopy -O ihex -R .eeprom -R .eesafe &quot;$(TARGET_OUTPUT_FILE)&quot; &quot;$(TARGET_OUTPUT_FILE).hex&quot;' />
					<Add after='avr-objcopy --no-change-warnings -j .eeprom --change-section-lma .eeprom=0 -O ihex &quot;$(TARGET_OUTPUT_FILE)&quot; &quot;$(TARGET_OUTPUT_FILE).eep.hex&quot;' />
					<Add after='avr-size --mcu=$(MCU) --format=avr &quot;$(TARGET_OUTPUT_FILE)&quot;' />
				</ExtraCommands>
				<Environment>
					<Variable name="BOARD" value="Arduino Mega 8" />
					<Variable name="BOARD_ID" value="mega8" />
					<Variable name="MCU" value="atmega8" />
					<Variable name="MCU_CLOCK" value="16" />
					<Variable name="UPLOAD_BAUDRATE" value="19200" />
					<Variable name="UPLOAD_PORT" value="" />
				</Environment>
			</Target>
			<Target title="Microduino Core+ (644P)">
				<Option output="build/Marlin_${BOARD_ID}.elf" prefix_auto="1" extension_auto="0" />
				<Option object_output="build" />
				<Option type="1" />
				<Option compiler="avrgcc" />
				<Compiler>
					<Add option="-x c++" />
					<Add option="-mmcu=$(MCU)" />
					<Add option="-DF_CPU=16000000L" />
					<Add option="-D__AVR_ATmega644P__" />
					<Add option="-O2" />
					<Add option="-Os" />
					<Add directory="$(ARDUINO_DIR)/hardware/arduino/cores/arduino" />
					<Add directory="$(ARDUINO_DIR)/libraries" />
					<Add directory="$(ARDUINO_DIR)/hardware/arduino/variants/plus" />
				</Compiler>
				<Linker>
					<Add option="-mmcu=$(MCU)" />
					<Add option='&quot;$(PROJECT_DIR)${TARGET_OUTPUT_DIR}/lib_${BOARD_ID}_${MCU_CLOCK}.a&quot;' />
					<Add option='&quot;$(PROJECT_DIR)${TARGET_OUTPUT_DIR}/core_${BOARD_ID}_${MCU_CLOCK}.a&quot;' />
					<Add option="-s" />
				</Linker>
				<ExtraCommands>
					<Add before='$(TARGET_COMPILER_DIR)ArduinoUploader &quot;$(PROJECT_DIR).&quot; $(BOARD_ID) - $(MCU_CLOCK) 0 &quot;$(PROJECT_DIR)${TARGET_OUTPUT_DIR}/lib_${BOARD_ID}_${MCU_CLOCK}.a&quot; &quot;$(PROJECT_DIR)${TARGET_OUTPUT_DIR}/core_${BOARD_ID}_${MCU_CLOCK}.a&quot;' />
					<Add after='avr-objcopy -O ihex -R .eeprom -R .eesafe &quot;$(TARGET_OUTPUT_FILE)&quot; &quot;$(TARGET_OUTPUT_FILE).hex&quot;' />
					<Add after='avr-objcopy --no-change-warnings -j .eeprom --change-section-lma .eeprom=0 -O ihex &quot;$(TARGET_OUTPUT_FILE)&quot; &quot;$(TARGET_OUTPUT_FILE).eep.hex&quot;' />
					<Add after='avr-size --mcu=$(MCU) --format=avr &quot;$(TARGET_OUTPUT_FILE)&quot;' />
				</ExtraCommands>
				<Environment>
					<Variable name="BOARD" value="Microduino Core+ (644P)" />
					<Variable name="BOARD_ID" value="uduino644p" />
					<Variable name="MCU" value="atmega644p" />
					<Variable name="MCU_CLOCK" value="16" />
					<Variable name="UPLOAD_BAUDRATE" value="115200" />
					<Variable name="UPLOAD_PORT" value="" />
				</Environment>
			</Target>
		</Build>
		<Compiler>
			<Add option="-O2" />
			<Add directory="." />
		</Compiler>
		<Unit filename="Configuration.h">
			<Option target="Arduino Mega 2560/ADK" />
		</Unit>
		<Unit filename="Configuration_Cartesian.h">
			<Option target="Arduino Mega 2560/ADK" />
		</Unit>
		<Unit filename="Configuration_Corexy.h">
			<Option target="Arduino Mega 2560/ADK" />
		</Unit>
		<Unit filename="Configuration_Delta.h">
			<Option target="Arduino Mega 2560/ADK" />
		</Unit>
		<Unit filename="Configuration_Scara.h">
			<Option target="Arduino Mega 2560/ADK" />
		</Unit>
		<Unit filename="Configuration_adv.h">
			<Option target="Arduino Mega 2560/ADK" />
		</Unit>
		<Unit filename="LiquidCrystal/FastIO.cpp">
			<Option target="Arduino Mega 2560/ADK" />
		</Unit>
		<Unit filename="LiquidCrystal/FastIO.h">
			<Option target="Arduino Mega 2560/ADK" />
		</Unit>
		<Unit filename="LiquidCrystal/I2CIO.cpp">
			<Option target="Arduino Mega 2560/ADK" />
		</Unit>
		<Unit filename="LiquidCrystal/I2CIO.h">
			<Option target="Arduino Mega 2560/ADK" />
		</Unit>
		<Unit filename="LiquidCrystal/LCD.cpp">
			<Option target="Arduino Mega 2560/ADK" />
		</Unit>
		<Unit filename="LiquidCrystal/LCD.h">
			<Option target="Arduino Mega 2560/ADK" />
		</Unit>
		<Unit filename="LiquidCrystal/LiquidCrystal.cpp">
			<Option target="Arduino Mega 2560/ADK" />
		</Unit>
		<Unit filename="LiquidCrystal/LiquidCrystal.h">
			<Option target="Arduino Mega 2560/ADK" />
		</Unit>
		<Unit filename="LiquidCrystal/LiquidCrystal_I2C.cpp">
			<Option target="Arduino Mega 2560/ADK" />
		</Unit>
		<Unit filename="LiquidCrystal/LiquidCrystal_I2C.h">
			<Option target="Arduino Mega 2560/ADK" />
		</Unit>
		<Unit filename="LiquidCrystal/LiquidCrystal_SR.cpp">
			<Option target="Arduino Mega 2560/ADK" />
		</Unit>
		<Unit filename="LiquidCrystal/LiquidCrystal_SR.h">
			<Option target="Arduino Mega 2560/ADK" />
		</Unit>
		<Unit filename="LiquidCrystal/LiquidCrystal_SR2W.cpp">
			<Option target="Arduino Mega 2560/ADK" />
		</Unit>
		<Unit filename="LiquidCrystal/LiquidCrystal_SR2W.h">
			<Option target="Arduino Mega 2560/ADK" />
		</Unit>
		<Unit filename="LiquidCrystal/LiquidCrystal_SR3W.cpp">
			<Option target="Arduino Mega 2560/ADK" />
		</Unit>
		<Unit filename="LiquidCrystal/LiquidCrystal_SR3W.h">
			<Option target="Arduino Mega 2560/ADK" />
		</Unit>
		<Unit filename="LiquidCrystal/examples/i2cLCDextraIO_tempLeonardo/i2cLCDextraIO_tempLeonardo.ino">
			<Option target="Arduino Mega 2560/ADK" />
		</Unit>
		<Unit filename="Marlin.h">
			<Option target="Arduino Mega 2560/ADK" />
		</Unit>
		<Unit filename="MarlinSerial.cpp">
			<Option target="Arduino Mega 2560/ADK" />
		</Unit>
		<Unit filename="MarlinSerial.h">
			<Option target="Arduino Mega 2560/ADK" />
		</Unit>
		<Unit filename="Marlin_main.cpp">
			<Option target="Arduino Mega 2560/ADK" />
		</Unit>
		<Unit filename="Sd2Card.cpp">
			<Option target="Arduino Mega 2560/ADK" />
		</Unit>
		<Unit filename="Sd2Card.h">
			<Option target="Arduino Mega 2560/ADK" />
		</Unit>
		<Unit filename="Sd2PinMap.h">
			<Option target="Arduino Mega 2560/ADK" />
		</Unit>
		<Unit filename="SdBaseFile.cpp">
			<Option target="Arduino Mega 2560/ADK" />
		</Unit>
		<Unit filename="SdBaseFile.h">
			<Option target="Arduino Mega 2560/ADK" />
		</Unit>
		<Unit filename="SdFatConfig.h">
			<Option target="Arduino Mega 2560/ADK" />
		</Unit>
		<Unit filename="SdFatStructs.h">
			<Option target="Arduino Mega 2560/ADK" />
		</Unit>
		<Unit filename="SdFatUtil.cpp">
			<Option target="Arduino Mega 2560/ADK" />
		</Unit>
		<Unit filename="SdFatUtil.h">
			<Option target="Arduino Mega 2560/ADK" />
		</Unit>
		<Unit filename="SdFile.cpp">
			<Option target="Arduino Mega 2560/ADK" />
		</Unit>
		<Unit filename="SdFile.h">
			<Option target="Arduino Mega 2560/ADK" />
		</Unit>
		<Unit filename="SdInfo.h">
			<Option target="Arduino Mega 2560/ADK" />
		</Unit>
		<Unit filename="SdVolume.cpp">
			<Option target="Arduino Mega 2560/ADK" />
		</Unit>
		<Unit filename="SdVolume.h">
			<Option target="Arduino Mega 2560/ADK" />
		</Unit>
		<Unit filename="blinkm.cpp">
			<Option target="Arduino Mega 2560/ADK" />
		</Unit>
		<Unit filename="blinkm.h">
			<Option target="Arduino Mega 2560/ADK" />
		</Unit>
		<Unit filename="boards.h">
			<Option target="Arduino Mega 2560/ADK" />
		</Unit>
		<Unit filename="cardreader.cpp">
			<Option target="Arduino Mega 2560/ADK" />
		</Unit>
		<Unit filename="cardreader.h">
			<Option target="Arduino Mega 2560/ADK" />
		</Unit>
		<Unit filename="comunication.h">
			<Option target="Arduino Mega 2560/ADK" />
		</Unit>
		<Unit filename="conditionals.h">
			<Option target="Arduino Mega 2560/ADK" />
		</Unit>
		<Unit filename="configuration_store.cpp">
			<Option target="Arduino Mega 2560/ADK" />
		</Unit>
		<Unit filename="configuration_store.h">
			<Option target="Arduino Mega 2560/ADK" />
		</Unit>
		<Unit filename="digipot_mcp4451.cpp">
			<Option target="Arduino Mega 2560/ADK" />
		</Unit>
		<Unit filename="dogm_bitmaps.h">
			<Option target="Arduino Mega 2560/ADK" />
		</Unit>
		<Unit filename="dogm_font_data_6x9_marlin.h">
			<Option target="Arduino Mega 2560/ADK" />
		</Unit>
		<Unit filename="dogm_font_data_HD44780_C.h">
			<Option target="Arduino Mega 2560/ADK" />
		</Unit>
		<Unit filename="dogm_font_data_HD44780_J.h">
			<Option target="Arduino Mega 2560/ADK" />
		</Unit>
		<Unit filename="dogm_font_data_HD44780_W.h">
			<Option target="Arduino Mega 2560/ADK" />
		</Unit>
		<Unit filename="dogm_font_data_ISO10646_1.h">
			<Option target="Arduino Mega 2560/ADK" />
		</Unit>
		<Unit filename="dogm_font_data_ISO10646_5_Cyrillic.h">
			<Option target="Arduino Mega 2560/ADK" />
		</Unit>
		<Unit filename="dogm_font_data_ISO10646_Kana.h">
			<Option target="Arduino Mega 2560/ADK" />
		</Unit>
		<Unit filename="dogm_font_data_Marlin_symbols.h">
			<Option target="Arduino Mega 2560/ADK" />
		</Unit>
		<Unit filename="dogm_lcd_implementation.h">
			<Option target="Arduino Mega 2560/ADK" />
		</Unit>
		<Unit filename="fastio.h">
			<Option target="Arduino Mega 2560/ADK" />
		</Unit>
		<Unit filename="firmware_test.h">
			<Option target="Arduino Mega 2560/ADK" />
		</Unit>
		<Unit filename="language.h">
			<Option target="Arduino Mega 2560/ADK" />
		</Unit>
		<Unit filename="language_an.h">
			<Option target="Arduino Mega 2560/ADK" />
		</Unit>
		<Unit filename="language_ca.h">
			<Option target="Arduino Mega 2560/ADK" />
		</Unit>
		<Unit filename="language_de.h">
			<Option target="Arduino Mega 2560/ADK" />
		</Unit>
		<Unit filename="language_en.h">
			<Option target="Arduino Mega 2560/ADK" />
		</Unit>
		<Unit filename="language_es.h">
			<Option target="Arduino Mega 2560/ADK" />
		</Unit>
		<Unit filename="language_eu.h">
			<Option target="Arduino Mega 2560/ADK" />
		</Unit>
		<Unit filename="language_fi.h">
			<Option target="Arduino Mega 2560/ADK" />
		</Unit>
		<Unit filename="language_fr.h">
			<Option target="Arduino Mega 2560/ADK" />
		</Unit>
		<Unit filename="language_it.h">
			<Option target="Arduino Mega 2560/ADK" />
		</Unit>
		<Unit filename="language_nl.h">
			<Option target="Arduino Mega 2560/ADK" />
		</Unit>
		<Unit filename="language_pl.h">
			<Option target="Arduino Mega 2560/ADK" />
		</Unit>
		<Unit filename="language_pt-br.h">
			<Option target="Arduino Mega 2560/ADK" />
		</Unit>
		<Unit filename="language_pt.h">
			<Option target="Arduino Mega 2560/ADK" />
		</Unit>
		<Unit filename="language_ru.h">
			<Option target="Arduino Mega 2560/ADK" />
		</Unit>
		<Unit filename="motion_control.cpp">
			<Option target="Arduino Mega 2560/ADK" />
		</Unit>
		<Unit filename="motion_control.h">
			<Option target="Arduino Mega 2560/ADK" />
		</Unit>
		<Unit filename="pins.h">
			<Option target="Arduino Mega 2560/ADK" />
		</Unit>
		<Unit filename="pins2tool.h">
			<Option target="Arduino Mega 2560/ADK" />
		</Unit>
		<Unit filename="planner.cpp">
			<Option target="Arduino Mega 2560/ADK" />
		</Unit>
		<Unit filename="planner.h">
			<Option target="Arduino Mega 2560/ADK" />
		</Unit>
		<Unit filename="qr_solve.cpp">
			<Option target="Arduino Mega 2560/ADK" />
		</Unit>
		<Unit filename="qr_solve.h">
			<Option target="Arduino Mega 2560/ADK" />
		</Unit>
		<Unit filename="sanitycheck.h">
			<Option target="Arduino Mega 2560/ADK" />
		</Unit>
		<Unit filename="servo.cpp">
			<Option target="Arduino Mega 2560/ADK" />
		</Unit>
		<Unit filename="servo.h">
			<Option target="Arduino Mega 2560/ADK" />
		</Unit>
		<Unit filename="speed_lookuptable.h">
			<Option target="Arduino Mega 2560/ADK" />
		</Unit>
		<Unit filename="stepper.cpp">
			<Option target="Arduino Mega 2560/ADK" />
		</Unit>
		<Unit filename="stepper.h">
			<Option target="Arduino Mega 2560/ADK" />
		</Unit>
		<Unit filename="stepper_indirection.cpp">
			<Option target="Arduino Mega 2560/ADK" />
		</Unit>
		<Unit filename="stepper_indirection.h">
			<Option target="Arduino Mega 2560/ADK" />
		</Unit>
		<Unit filename="temperature.cpp">
			<Option target="Arduino Mega 2560/ADK" />
		</Unit>
		<Unit filename="temperature.h">
			<Option target="Arduino Mega 2560/ADK" />
		</Unit>
		<Unit filename="thermistortables.h">
			<Option target="Arduino Mega 2560/ADK" />
		</Unit>
		<Unit filename="ultralcd.cpp">
			<Option target="Arduino Mega 2560/ADK" />
		</Unit>
		<Unit filename="ultralcd.h">
			<Option target="Arduino Mega 2560/ADK" />
		</Unit>
		<Unit filename="ultralcd_implementation_hitachi_HD44780.h">
			<Option target="Arduino Mega 2560/ADK" />
		</Unit>
		<Unit filename="ultralcd_st7920_u8glib_rrd.h">
			<Option target="Arduino Mega 2560/ADK" />
		</Unit>
		<Unit filename="utf_mapper.h">
			<Option target="Arduino Mega 2560/ADK" />
		</Unit>
		<Unit filename="vector_3.cpp">
			<Option target="Arduino Mega 2560/ADK" />
		</Unit>
		<Unit filename="vector_3.h">
			<Option target="Arduino Mega 2560/ADK" />
		</Unit>
		<Unit filename="watchdog.cpp">
			<Option target="Arduino Mega 2560/ADK" />
		</Unit>
		<Unit filename="watchdog.h">
			<Option target="Arduino Mega 2560/ADK" />
		</Unit>
		<Extensions>
			<code_completion />
			<envvars />
			<debugger />
		</Extensions>
	</Project>
</CodeBlocks_project_file>
